
Microsoft Visual Studio Solution File, Format Version 12.00
# Visual Studio 15
VisualStudioVersion = 15.0.26430.14
MinimumVisualStudioVersion = 10.0.40219.1
Project("{9A19103F-16F7-4668-BE54-9A1E7A4F7556}") = "FirstApp", "FirstApp\FirstApp.csproj", "{36F8585C-EC2B-45FF-BA92-F12AEBB14538}"
EndProject
Project("{9A19103F-16F7-4668-BE54-9A1E7A4F7556}") = "FirstApp.Models", "FirstApp.Models\FirstApp.Models.csproj", "{A6E84996-0DAA-4227-A84B-7E115912602D}"
EndProject
Project("{9A19103F-16F7-4668-BE54-9A1E7A4F7556}") = "FirstApp.Services", "FirstApp.Services\FirstApp.Services.csproj", "{DED0589C-EA8E-443A-9F8C-5745BF5003D0}"
EndProject
Project("{9A19103F-16F7-4668-BE54-9A1E7A4F7556}") = "FirstApp.Data", "FirstApp.Data\FirstApp.Data.csproj", "{862B9BD0-7E8D-41AD-88F3-21B2EC935A46}"
EndProject
Global
	GlobalSection(SolutionConfigurationPlatforms) = preSolution
		Debug|Any CPU = Debug|Any CPU
		Release|Any CPU = Release|Any CPU
	EndGlobalSection
	GlobalSection(ProjectConfigurationPlatforms) = postSolution
		{36F8585C-EC2B-45FF-BA92-F12AEBB14538}.Debug|Any CPU.ActiveCfg = Debug|Any CPU
		{36F8585C-EC2B-45FF-BA92-F12AEBB14538}.Debug|Any CPU.Build.0 = Debug|Any CPU
		{36F8585C-EC2B-45FF-BA92-F12AEBB14538}.Release|Any CPU.ActiveCfg = Release|Any CPU
		{36F8585C-EC2B-45FF-BA92-F12AEBB14538}.Release|Any CPU.Build.0 = Release|Any CPU
		{A6E84996-0DAA-4227-A84B-7E115912602D}.Debug|Any CPU.ActiveCfg = Debug|Any CPU
		{A6E84996-0DAA-4227-A84B-7E115912602D}.Debug|Any CPU.Build.0 = Debug|Any CPU
		{A6E84996-0DAA-4227-A84B-7E115912602D}.Release|Any CPU.ActiveCfg = Release|Any CPU
		{A6E84996-0DAA-4227-A84B-7E115912602D}.Release|Any CPU.Build.0 = Release|Any CPU
		{DED0589C-EA8E-443A-9F8C-5745BF5003D0}.Debug|Any CPU.ActiveCfg = Debug|Any CPU
		{DED0589C-EA8E-443A-9F8C-5745BF5003D0}.Debug|Any CPU.Build.0 = Debug|Any CPU
		{DED0589C-EA8E-443A-9F8C-5745BF5003D0}.Release|Any CPU.ActiveCfg = Release|Any CPU
		{DED0589C-EA8E-443A-9F8C-5745BF5003D0}.Release|Any CPU.Build.0 = Release|Any CPU
		{862B9BD0-7E8D-41AD-88F3-21B2EC935A46}.Debug|Any CPU.ActiveCfg = Debug|Any CPU
		{862B9BD0-7E8D-41AD-88F3-21B2EC935A46}.Debug|Any CPU.Build.0 = Debug|Any CPU
		{862B9BD0-7E8D-41AD-88F3-21B2EC935A46}.Release|Any CPU.ActiveCfg = Release|Any CPU
		{862B9BD0-7E8D-41AD-88F3-21B2EC935A46}.Release|Any CPU.Build.0 = Release|Any CPU
	EndGlobalSection
	GlobalSection(SolutionProperties) = preSolution
		HideSolutionNode = FALSE
	EndGlobalSection
EndGlobal
